{
  "name": "lordexodius.github.io",
  "version": "1.0.0",
  "lockfileVersion": 2,
  "requires": true,
  "packages": {
    "": {
      "name": "lordexodius.github.io",
      "version": "1.0.0",
      "license": "ISC",
      "dependencies": {
        "zdog": "^1.1.2"
      }
    },
    "node_modules/zdog": {
      "version": "1.1.2",
      "resolved": "https://registry.npmjs.org/zdog/-/zdog-1.1.2.tgz",
      "integrity": "sha512-bWObLl2t1M8RB8kNcOkAFLn52H8n8Hxd+DvYpExCwGPzFOEIJ9COFhG9sjoOV9Da3cv4d6BqFBICNc2Pz37YQw=="
    }
  },
  "dependencies": {
    "zdog": {
      "version": "1.1.2",
      "resolved": "https://registry.npmjs.org/zdog/-/zdog-1.1.2.tgz",
      "integrity": "sha512-bWObLl2t1M8RB8kNcOkAFLn52H8n8Hxd+DvYpExCwGPzFOEIJ9COFhG9sjoOV9Da3cv4d6BqFBICNc2Pz37YQw=="
    }
  }
}
